
Microsoft Visual Studio Solution File, Format Version 12.00
# Visual Studio Version 17
VisualStudioVersion = 17.0.31912.275
MinimumVisualStudioVersion = 10.0.40219.1
Project("{FAE04EC0-301F-11D3-BF4B-00C04F79EFBC}") = "LabelWise.Api", "LabelWise.Api\LabelWise.Api.csproj", "{8F1E1F2C-6C2E-4E8A-9DE7-AB1C3C5F6E8A}"
EndProject
Project("{FAE04EC0-301F-11D3-BF4B-00C04F79EFBC}") = "LabelWise.Application", "LabelWise.Application\LabelWise.Application.csproj", "{1B2C3D4E-5F6A-7B8C-9D0E-F1A2B3C4D5E6}"
EndProject
Project("{FAE04EC0-301F-11D3-BF4B-00C04F79EFBC}") = "LabelWise.Domain", "LabelWise.Domain\LabelWise.Domain.csproj", "{2C3D4E5F-6A7B-8C9D-0E1F-A2B3C4D5E6F7}"
EndProject
Project("{FAE04EC0-301F-11D3-BF4B-00C04F79EFBC}") = "LabelWise.Infrastructure", "LabelWise.Infrastructure\LabelWise.Infrastructure.csproj", "{3D4E5F6A-7B8C-9D0E-1F2A-B3C4D5E6F7A8}"
EndProject
Project("{FAE04EC0-301F-11D3-BF4B-00C04F79EFBC}") = "LabelWise.Shared", "LabelWise.Shared\LabelWise.Shared.csproj", "{4E5F6A7B-8C9D-0E1F-2A3B-C4D5E6F7A8B9}"
EndProject
Project("{FAE04EC0-301F-11D3-BF4B-00C04F79EFBC}") = "LabelWise.Tests", "LabelWise.Tests\LabelWise.Tests.csproj", "{08464790-0DBA-4717-8AAC-C43948EA46D5}"
EndProject
Global
	GlobalSection(SolutionConfigurationPlatforms) = preSolution
		Debug|Any CPU = Debug|Any CPU
		Debug|x64 = Debug|x64
		Debug|x86 = Debug|x86
		Release|Any CPU = Release|Any CPU
		Release|x64 = Release|x64
		Release|x86 = Release|x86
	EndGlobalSection
	GlobalSection(ProjectConfigurationPlatforms) = postSolution
		{8F1E1F2C-6C2E-4E8A-9DE7-AB1C3C5F6E8A}.Debug|Any CPU.ActiveCfg = Debug|Any CPU
		{8F1E1F2C-6C2E-4E8A-9DE7-AB1C3C5F6E8A}.Debug|Any CPU.Build.0 = Debug|Any CPU
		{8F1E1F2C-6C2E-4E8A-9DE7-AB1C3C5F6E8A}.Debug|x64.ActiveCfg = Debug|Any CPU
		{8F1E1F2C-6C2E-4E8A-9DE7-AB1C3C5F6E8A}.Debug|x64.Build.0 = Debug|Any CPU
		{8F1E1F2C-6C2E-4E8A-9DE7-AB1C3C5F6E8A}.Debug|x86.ActiveCfg = Debug|Any CPU
		{8F1E1F2C-6C2E-4E8A-9DE7-AB1C3C5F6E8A}.Debug|x86.Build.0 = Debug|Any CPU
		{8F1E1F2C-6C2E-4E8A-9DE7-AB1C3C5F6E8A}.Release|Any CPU.ActiveCfg = Release|Any CPU
		{8F1E1F2C-6C2E-4E8A-9DE7-AB1C3C5F6E8A}.Release|Any CPU.Build.0 = Release|Any CPU
		{8F1E1F2C-6C2E-4E8A-9DE7-AB1C3C5F6E8A}.Release|x64.ActiveCfg = Release|Any CPU
		{8F1E1F2C-6C2E-4E8A-9DE7-AB1C3C5F6E8A}.Release|x64.Build.0 = Release|Any CPU
		{8F1E1F2C-6C2E-4E8A-9DE7-AB1C3C5F6E8A}.Release|x86.ActiveCfg = Release|Any CPU
		{8F1E1F2C-6C2E-4E8A-9DE7-AB1C3C5F6E8A}.Release|x86.Build.0 = Release|Any CPU
		{1B2C3D4E-5F6A-7B8C-9D0E-F1A2B3C4D5E6}.Debug|Any CPU.ActiveCfg = Debug|Any CPU
		{1B2C3D4E-5F6A-7B8C-9D0E-F1A2B3C4D5E6}.Debug|Any CPU.Build.0 = Debug|Any CPU
		{1B2C3D4E-5F6A-7B8C-9D0E-F1A2B3C4D5E6}.Debug|x64.ActiveCfg = Debug|Any CPU
		{1B2C3D4E-5F6A-7B8C-9D0E-F1A2B3C4D5E6}.Debug|x64.Build.0 = Debug|Any CPU
		{1B2C3D4E-5F6A-7B8C-9D0E-F1A2B3C4D5E6}.Debug|x86.ActiveCfg = Debug|Any CPU
		{1B2C3D4E-5F6A-7B8C-9D0E-F1A2B3C4D5E6}.Debug|x86.Build.0 = Debug|Any CPU
		{1B2C3D4E-5F6A-7B8C-9D0E-F1A2B3C4D5E6}.Release|Any CPU.ActiveCfg = Release|Any CPU
		{1B2C3D4E-5F6A-7B8C-9D0E-F1A2B3C4D5E6}.Release|Any CPU.Build.0 = Release|Any CPU
		{1B2C3D4E-5F6A-7B8C-9D0E-F1A2B3C4D5E6}.Release|x64.ActiveCfg = Release|Any CPU
		{1B2C3D4E-5F6A-7B8C-9D0E-F1A2B3C4D5E6}.Release|x64.Build.0 = Release|Any CPU
		{1B2C3D4E-5F6A-7B8C-9D0E-F1A2B3C4D5E6}.Release|x86.ActiveCfg = Release|Any CPU
		{1B2C3D4E-5F6A-7B8C-9D0E-F1A2B3C4D5E6}.Release|x86.Build.0 = Release|Any CPU
		{2C3D4E5F-6A7B-8C9D-0E1F-A2B3C4D5E6F7}.Debug|Any CPU.ActiveCfg = Debug|Any CPU
		{2C3D4E5F-6A7B-8C9D-0E1F-A2B3C4D5E6F7}.Debug|Any CPU.Build.0 = Debug|Any CPU
		{2C3D4E5F-6A7B-8C9D-0E1F-A2B3C4D5E6F7}.Debug|x64.ActiveCfg = Debug|Any CPU
		{2C3D4E5F-6A7B-8C9D-0E1F-A2B3C4D5E6F7}.Debug|x64.Build.0 = Debug|Any CPU
		{2C3D4E5F-6A7B-8C9D-0E1F-A2B3C4D5E6F7}.Debug|x86.ActiveCfg = Debug|Any CPU
		{2C3D4E5F-6A7B-8C9D-0E1F-A2B3C4D5E6F7}.Debug|x86.Build.0 = Debug|Any CPU
		{2C3D4E5F-6A7B-8C9D-0E1F-A2B3C4D5E6F7}.Release|Any CPU.ActiveCfg = Release|Any CPU
		{2C3D4E5F-6A7B-8C9D-0E1F-A2B3C4D5E6F7}.Release|Any CPU.Build.0 = Release|Any CPU
		{2C3D4E5F-6A7B-8C9D-0E1F-A2B3C4D5E6F7}.Release|x64.ActiveCfg = Release|Any CPU
		{2C3D4E5F-6A7B-8C9D-0E1F-A2B3C4D5E6F7}.Release|x64.Build.0 = Release|Any CPU
		{2C3D4E5F-6A7B-8C9D-0E1F-A2B3C4D5E6F7}.Release|x86.ActiveCfg = Release|Any CPU
		{2C3D4E5F-6A7B-8C9D-0E1F-A2B3C4D5E6F7}.Release|x86.Build.0 = Release|Any CPU
		{3D4E5F6A-7B8C-9D0E-1F2A-B3C4D5E6F7A8}.Debug|Any CPU.ActiveCfg = Debug|Any CPU
		{3D4E5F6A-7B8C-9D0E-1F2A-B3C4D5E6F7A8}.Debug|Any CPU.Build.0 = Debug|Any CPU
		{3D4E5F6A-7B8C-9D0E-1F2A-B3C4D5E6F7A8}.Debug|x64.ActiveCfg = Debug|Any CPU
		{3D4E5F6A-7B8C-9D0E-1F2A-B3C4D5E6F7A8}.Debug|x64.Build.0 = Debug|Any CPU
		{3D4E5F6A-7B8C-9D0E-1F2A-B3C4D5E6F7A8}.Debug|x86.ActiveCfg = Debug|Any CPU
		{3D4E5F6A-7B8C-9D0E-1F2A-B3C4D5E6F7A8}.Debug|x86.Build.0 = Debug|Any CPU
		{3D4E5F6A-7B8C-9D0E-1F2A-B3C4D5E6F7A8}.Release|Any CPU.ActiveCfg = Release|Any CPU
		{3D4E5F6A-7B8C-9D0E-1F2A-B3C4D5E6F7A8}.Release|Any CPU.Build.0 = Release|Any CPU
		{3D4E5F6A-7B8C-9D0E-1F2A-B3C4D5E6F7A8}.Release|x64.ActiveCfg = Release|Any CPU
		{3D4E5F6A-7B8C-9D0E-1F2A-B3C4D5E6F7A8}.Release|x64.Build.0 = Release|Any CPU
		{3D4E5F6A-7B8C-9D0E-1F2A-B3C4D5E6F7A8}.Release|x86.ActiveCfg = Release|Any CPU
		{3D4E5F6A-7B8C-9D0E-1F2A-B3C4D5E6F7A8}.Release|x86.Build.0 = Release|Any CPU
		{4E5F6A7B-8C9D-0E1F-2A3B-C4D5E6F7A8B9}.Debug|Any CPU.ActiveCfg = Debug|Any CPU
		{4E5F6A7B-8C9D-0E1F-2A3B-C4D5E6F7A8B9}.Debug|Any CPU.Build.0 = Debug|Any CPU
		{4E5F6A7B-8C9D-0E1F-2A3B-C4D5E6F7A8B9}.Debug|x64.ActiveCfg = Debug|Any CPU
		{4E5F6A7B-8C9D-0E1F-2A3B-C4D5E6F7A8B9}.Debug|x64.Build.0 = Debug|Any CPU
		{4E5F6A7B-8C9D-0E1F-2A3B-C4D5E6F7A8B9}.Debug|x86.ActiveCfg = Debug|Any CPU
		{4E5F6A7B-8C9D-0E1F-2A3B-C4D5E6F7A8B9}.Debug|x86.Build.0 = Debug|Any CPU
		{4E5F6A7B-8C9D-0E1F-2A3B-C4D5E6F7A8B9}.Release|Any CPU.ActiveCfg = Release|Any CPU
		{4E5F6A7B-8C9D-0E1F-2A3B-C4D5E6F7A8B9}.Release|Any CPU.Build.0 = Release|Any CPU
		{4E5F6A7B-8C9D-0E1F-2A3B-C4D5E6F7A8B9}.Release|x64.ActiveCfg = Release|Any CPU
		{4E5F6A7B-8C9D-0E1F-2A3B-C4D5E6F7A8B9}.Release|x64.Build.0 = Release|Any CPU
		{4E5F6A7B-8C9D-0E1F-2A3B-C4D5E6F7A8B9}.Release|x86.ActiveCfg = Release|Any CPU
		{4E5F6A7B-8C9D-0E1F-2A3B-C4D5E6F7A8B9}.Release|x86.Build.0 = Release|Any CPU
		{08464790-0DBA-4717-8AAC-C43948EA46D5}.Debug|Any CPU.ActiveCfg = Debug|Any CPU
		{08464790-0DBA-4717-8AAC-C43948EA46D5}.Debug|Any CPU.Build.0 = Debug|Any CPU
		{08464790-0DBA-4717-8AAC-C43948EA46D5}.Debug|x64.ActiveCfg = Debug|Any CPU
		{08464790-0DBA-4717-8AAC-C43948EA46D5}.Debug|x64.Build.0 = Debug|Any CPU
		{08464790-0DBA-4717-8AAC-C43948EA46D5}.Debug|x86.ActiveCfg = Debug|Any CPU
		{08464790-0DBA-4717-8AAC-C43948EA46D5}.Debug|x86.Build.0 = Debug|Any CPU
		{08464790-0DBA-4717-8AAC-C43948EA46D5}.Release|Any CPU.ActiveCfg = Release|Any CPU
		{08464790-0DBA-4717-8AAC-C43948EA46D5}.Release|Any CPU.Build.0 = Release|Any CPU
		{08464790-0DBA-4717-8AAC-C43948EA46D5}.Release|x64.ActiveCfg = Release|Any CPU
		{08464790-0DBA-4717-8AAC-C43948EA46D5}.Release|x64.Build.0 = Release|Any CPU
		{08464790-0DBA-4717-8AAC-C43948EA46D5}.Release|x86.ActiveCfg = Release|Any CPU
		{08464790-0DBA-4717-8AAC-C43948EA46D5}.Release|x86.Build.0 = Release|Any CPU
	EndGlobalSection
	GlobalSection(SolutionProperties) = preSolution
		HideSolutionNode = FALSE
	EndGlobalSection
EndGlobal
